
Microsoft Visual Studio Solution File, Format Version 12.00
# Visual Studio Version 16
VisualStudioVersion = 16.0.29215.179
MinimumVisualStudioVersion = 10.0.40219.1
Project("{FAE04EC0-301F-11D3-BF4B-00C04F79EFBC}") = "ObservadorDeCambiosEnDirectorio", "ObservadorDeCambiosEnDirectorio\ObservadorDeCambiosEnDirectorio.csproj", "{63CB8850-A344-4359-B7D0-B9A8EBFDF521}"
EndProject
Global
	GlobalSection(SolutionConfigurationPlatforms) = preSolution
		Debug|Any CPU = Debug|Any CPU
		Release|Any CPU = Release|Any CPU
	EndGlobalSection
	GlobalSection(ProjectConfigurationPlatforms) = postSolution
		{63CB8850-A344-4359-B7D0-B9A8EBFDF521}.Debug|Any CPU.ActiveCfg = Debug|Any CPU
		{63CB8850-A344-4359-B7D0-B9A8EBFDF521}.Debug|Any CPU.Build.0 = Debug|Any CPU
		{63CB8850-A344-4359-B7D0-B9A8EBFDF521}.Release|Any CPU.ActiveCfg = Release|Any CPU
		{63CB8850-A344-4359-B7D0-B9A8EBFDF521}.Release|Any CPU.Build.0 = Release|Any CPU
	EndGlobalSection
	GlobalSection(SolutionProperties) = preSolution
		HideSolutionNode = FALSE
	EndGlobalSection
	GlobalSection(ExtensibilityGlobals) = postSolution
		SolutionGuid = {F8D0C269-6700-4CE6-958F-1CB0B0BAE636}
	EndGlobalSection
EndGlobal
